
Microsoft Visual Studio Solution File, Format Version 12.00
# Visual Studio Version 16
VisualStudioVersion = 16.0.30523.141
MinimumVisualStudioVersion = 10.0.40219.1
Project("{FAE04EC0-301F-11D3-BF4B-00C04F79EFBC}") = "Infraestrutura", "Infraestrutura\Infraestrutura.csproj", "{380EE351-E52D-4F16-AD70-92F056394CC1}"
EndProject
Project("{FAE04EC0-301F-11D3-BF4B-00C04F79EFBC}") = "Dominio", "Dominio\Dominio.csproj", "{8605F1BD-7C79-4078-AEFF-4592E4F7DD27}"
EndProject
Project("{FAE04EC0-301F-11D3-BF4B-00C04F79EFBC}") = "Apresentacao", "Apresentacao\Apresentacao.csproj", "{2D9454F9-157C-4B23-BAB9-734FA310B141}"
EndProject
Global
	GlobalSection(SolutionConfigurationPlatforms) = preSolution
		Debug|Any CPU = Debug|Any CPU
		Release|Any CPU = Release|Any CPU
	EndGlobalSection
	GlobalSection(ProjectConfigurationPlatforms) = postSolution
		{380EE351-E52D-4F16-AD70-92F056394CC1}.Debug|Any CPU.ActiveCfg = Debug|Any CPU
		{380EE351-E52D-4F16-AD70-92F056394CC1}.Debug|Any CPU.Build.0 = Debug|Any CPU
		{380EE351-E52D-4F16-AD70-92F056394CC1}.Release|Any CPU.ActiveCfg = Release|Any CPU
		{380EE351-E52D-4F16-AD70-92F056394CC1}.Release|Any CPU.Build.0 = Release|Any CPU
		{8605F1BD-7C79-4078-AEFF-4592E4F7DD27}.Debug|Any CPU.ActiveCfg = Debug|Any CPU
		{8605F1BD-7C79-4078-AEFF-4592E4F7DD27}.Debug|Any CPU.Build.0 = Debug|Any CPU
		{8605F1BD-7C79-4078-AEFF-4592E4F7DD27}.Release|Any CPU.ActiveCfg = Release|Any CPU
		{8605F1BD-7C79-4078-AEFF-4592E4F7DD27}.Release|Any CPU.Build.0 = Release|Any CPU
		{2D9454F9-157C-4B23-BAB9-734FA310B141}.Debug|Any CPU.ActiveCfg = Debug|Any CPU
		{2D9454F9-157C-4B23-BAB9-734FA310B141}.Debug|Any CPU.Build.0 = Debug|Any CPU
		{2D9454F9-157C-4B23-BAB9-734FA310B141}.Release|Any CPU.ActiveCfg = Release|Any CPU
		{2D9454F9-157C-4B23-BAB9-734FA310B141}.Release|Any CPU.Build.0 = Release|Any CPU
	EndGlobalSection
	GlobalSection(SolutionProperties) = preSolution
		HideSolutionNode = FALSE
	EndGlobalSection
	GlobalSection(ExtensibilityGlobals) = postSolution
		SolutionGuid = {808E2EEB-E505-40BA-A01A-A21A205C116F}
	EndGlobalSection
EndGlobal
